
Microsoft Visual Studio Solution File, Format Version 12.00
# Visual Studio Version 17
VisualStudioVersion = 17.2.32616.157
MinimumVisualStudioVersion = 10.0.40219.1
Project("{FAE04EC0-301F-11D3-BF4B-00C04F79EFBC}") = "ConsoleApp1", "ConsoleApp1\ConsoleApp1.csproj", "{66C6CC5D-483E-439F-A913-FF1883A30AD5}"
EndProject
Global
	GlobalSection(SolutionConfigurationPlatforms) = preSolution
		Debug|Any CPU = Debug|Any CPU
		Release|Any CPU = Release|Any CPU
	EndGlobalSection
	GlobalSection(ProjectConfigurationPlatforms) = postSolution
		{66C6CC5D-483E-439F-A913-FF1883A30AD5}.Debug|Any CPU.ActiveCfg = Debug|Any CPU
		{66C6CC5D-483E-439F-A913-FF1883A30AD5}.Debug|Any CPU.Build.0 = Debug|Any CPU
		{66C6CC5D-483E-439F-A913-FF1883A30AD5}.Release|Any CPU.ActiveCfg = Release|Any CPU
		{66C6CC5D-483E-439F-A913-FF1883A30AD5}.Release|Any CPU.Build.0 = Release|Any CPU
	EndGlobalSection
	GlobalSection(SolutionProperties) = preSolution
		HideSolutionNode = FALSE
	EndGlobalSection
	GlobalSection(ExtensibilityGlobals) = postSolution
		SolutionGuid = {080BA505-C2B0-4AD1-8F5C-0648D441C86E}
	EndGlobalSection
EndGlobal
